
Microsoft Visual Studio Solution File, Format Version 12.00
# Visual Studio Version 16
VisualStudioVersion = 16.0.30804.86
MinimumVisualStudioVersion = 10.0.40219.1
Project("{9A19103F-16F7-4668-BE54-9A1E7A4F7556}") = "UrlPatternMatching", "src\UrlPatternMatching.csproj", "{ABEDE03C-0641-401B-9B74-20812694134D}"
EndProject
Project("{FAE04EC0-301F-11D3-BF4B-00C04F79EFBC}") = "Tests", "tests\Tests\Tests.csproj", "{9D3FC9FB-6A5C-4A26-B904-3096642088EC}"
EndProject
Global
	GlobalSection(SolutionConfigurationPlatforms) = preSolution
		Debug|Any CPU = Debug|Any CPU
		Release|Any CPU = Release|Any CPU
	EndGlobalSection
	GlobalSection(ProjectConfigurationPlatforms) = postSolution
		{ABEDE03C-0641-401B-9B74-20812694134D}.Debug|Any CPU.ActiveCfg = Debug|Any CPU
		{ABEDE03C-0641-401B-9B74-20812694134D}.Debug|Any CPU.Build.0 = Debug|Any CPU
		{ABEDE03C-0641-401B-9B74-20812694134D}.Release|Any CPU.ActiveCfg = Release|Any CPU
		{ABEDE03C-0641-401B-9B74-20812694134D}.Release|Any CPU.Build.0 = Release|Any CPU
		{9D3FC9FB-6A5C-4A26-B904-3096642088EC}.Debug|Any CPU.ActiveCfg = Debug|Any CPU
		{9D3FC9FB-6A5C-4A26-B904-3096642088EC}.Debug|Any CPU.Build.0 = Debug|Any CPU
		{9D3FC9FB-6A5C-4A26-B904-3096642088EC}.Release|Any CPU.ActiveCfg = Release|Any CPU
		{9D3FC9FB-6A5C-4A26-B904-3096642088EC}.Release|Any CPU.Build.0 = Release|Any CPU
	EndGlobalSection
	GlobalSection(SolutionProperties) = preSolution
		HideSolutionNode = FALSE
	EndGlobalSection
	GlobalSection(ExtensibilityGlobals) = postSolution
		SolutionGuid = {9659E0AF-86FF-4397-850C-3A58BB1C71CF}
	EndGlobalSection
EndGlobal
